<?xml version="1.0" encoding="utf-8"?>
<Project ToolsVersion="4.0" xmlns="http://schemas.microsoft.com/developer/msbuild/2003">
  <ItemGroup>
    <Filter Include="Source Files">
      <UniqueIdentifier>{4FC737F1-C7A5-4376-A066-2A32D752A2FF}</UniqueIdentifier>
      <Extensions>cpp;c;cc;cxx;c++;cppm;ixx;def;odl;idl;hpj;bat;asm;asmx</Extensions>
    </Filter>
    <Filter Include="Header Files">
      <UniqueIdentifier>{93995380-89BD-4b04-88EB-625FBE52EBFB}</UniqueIdentifier>
      <Extensions>h;hh;hpp;hxx;h++;hm;inl;inc;ipp;xsd</Extensions>
    </Filter>
    <Filter Include="Resource Files">
      <UniqueIdentifier>{67DA6AB6-F800-4c08-8B7A-83BB121AAD01}</UniqueIdentifier>
      <Extensions>rc;ico;cur;bmp;dlg;rc2;rct;bin;rgs;gif;jpg;jpeg;jpe;resx;tiff;tif;png;wav;mfcribbon-ms</Extensions>
    </Filter>
    <Filter Include="Header Files\prime">
      <UniqueIdentifier>{56d3d214-e6e5-45a1-9947-b16dd0fdceaa}</UniqueIdentifier>
    </Filter>
    <Filter Include="Source Files\prime">
      <UniqueIdentifier>{0e45446c-127e-473a-bc83-be7c5af98ffe}</UniqueIdentifier>
    </Filter>
    <Filter Include="Resource Files\config">
      <UniqueIdentifier>{74dc5d31-205b-478c-a9b0-98aeb15da6f7}</UniqueIdentifier>
    </Filter>
  </ItemGroup>
  <ItemGroup>
    <ClCompile Include="main.cpp">
      <Filter>Source Files</Filter>
    </ClCompile>
    <ClCompile Include="Source\game_core.cpp">
      <Filter>Source Files</Filter>
    </ClCompile>
    <ClCompile Include="Source\prime\game_window.cpp">
      <Filter>Source Files\prime</Filter>
    </ClCompile>
    <ClCompile Include="Source\prime\debug_mode.cpp">
      <Filter>Source Files\prime</Filter>
    </ClCompile>
    <ClCompile Include="Header\prime\scene_manager.cpp">
      <Filter>Source Files</Filter>
    </ClCompile>
  </ItemGroup>
  <ItemGroup>
    <ClInclude Include="Header\game_core.h">
      <Filter>Header Files</Filter>
    </ClInclude>
    <ClInclude Include="Header\prime\resource_station.h">
      <Filter>Header Files\prime</Filter>
    </ClInclude>
    <ClInclude Include="Header\prime\label_space.h">
      <Filter>Header Files\prime</Filter>
    </ClInclude>
    <ClInclude Include="Header\prime\game_window.h">
      <Filter>Header Files\prime</Filter>
    </ClInclude>
    <ClInclude Include="Header\prime\debug_mode.h">
      <Filter>Header Files\prime</Filter>
    </ClInclude>
    <ClInclude Include="Header\prime\scene_manager.h">
      <Filter>Header Files\prime</Filter>
    </ClInclude>
    <ClInclude Include="Header\prime\scene.h">
      <Filter>Header Files\prime</Filter>
    </ClInclude>
  </ItemGroup>
  <ItemGroup>
    <Text Include="..\config\global_res.txt">
      <Filter>Resource Files\config</Filter>
    </Text>
  </ItemGroup>
  <ItemGroup>
    <None Include="..\config\settings.wo">
      <Filter>Resource Files\config</Filter>
    </None>
  </ItemGroup>
</Project>