<?xml version="1.0" encoding="utf-8"?>
<Project ToolsVersion="4.0" xmlns="http://schemas.microsoft.com/developer/msbuild/2003">
  <ItemGroup>
    <Filter Include="Source Files">
      <UniqueIdentifier>{4FC737F1-C7A5-4376-A066-2A32D752A2FF}</UniqueIdentifier>
      <Extensions>cpp;c;cc;cxx;c++;cppm;ixx;def;odl;idl;hpj;bat;asm;asmx</Extensions>
    </Filter>
    <Filter Include="Header Files">
      <UniqueIdentifier>{93995380-89BD-4b04-88EB-625FBE52EBFB}</UniqueIdentifier>
      <Extensions>h;hh;hpp;hxx;h++;hm;inl;inc;ipp;xsd</Extensions>
    </Filter>
    <Filter Include="Resource Files">
      <UniqueIdentifier>{67DA6AB6-F800-4c08-8B7A-83BB121AAD01}</UniqueIdentifier>
      <Extensions>rc;ico;cur;bmp;dlg;rc2;rct;bin;rgs;gif;jpg;jpeg;jpe;resx;tiff;tif;png;wav;mfcribbon-ms</Extensions>
    </Filter>
    <Filter Include="Header Files\prime">
      <UniqueIdentifier>{56d3d214-e6e5-45a1-9947-b16dd0fdceaa}</UniqueIdentifier>
    </Filter>
    <Filter Include="Source Files\prime">
      <UniqueIdentifier>{0e45446c-127e-473a-bc83-be7c5af98ffe}</UniqueIdentifier>
    </Filter>
    <Filter Include="Resource Files\config">
      <UniqueIdentifier>{74dc5d31-205b-478c-a9b0-98aeb15da6f7}</UniqueIdentifier>
    </Filter>
    <Filter Include="Header Files\scene">
      <UniqueIdentifier>{7d47111e-50fe-467e-9b57-77038432fa82}</UniqueIdentifier>
    </Filter>
    <Filter Include="Source Files\scene">
      <UniqueIdentifier>{0feaa8f7-743a-4791-bad9-16f008ace4c9}</UniqueIdentifier>
    </Filter>
    <Filter Include="Header Files\pieces">
      <UniqueIdentifier>{650fa84b-7fd9-4499-86ff-05973b445ed6}</UniqueIdentifier>
    </Filter>
    <Filter Include="Source Files\pieces">
      <UniqueIdentifier>{b5428213-c3f9-4564-92da-c95caab58fa4}</UniqueIdentifier>
    </Filter>
    <Filter Include="Header Files\physics">
      <UniqueIdentifier>{3d7a0c1d-a714-407c-93f9-799c7846b911}</UniqueIdentifier>
    </Filter>
    <Filter Include="Source Files\physics">
      <UniqueIdentifier>{766295ed-afb6-4bb2-bd2a-6eef48eac1ac}</UniqueIdentifier>
    </Filter>
  </ItemGroup>
  <ItemGroup>
    <ClCompile Include="main.cpp">
      <Filter>Source Files</Filter>
    </ClCompile>
    <ClCompile Include="Source\game_core.cpp">
      <Filter>Source Files</Filter>
    </ClCompile>
    <ClCompile Include="Source\prime\game_window.cpp">
      <Filter>Source Files\prime</Filter>
    </ClCompile>
    <ClCompile Include="Source\prime\debug_mode.cpp">
      <Filter>Source Files\prime</Filter>
    </ClCompile>
    <ClCompile Include="Source\prime\load_mode.cpp">
      <Filter>Source Files\prime</Filter>
    </ClCompile>
    <ClCompile Include="Source\prime\joystick.cpp">
      <Filter>Source Files\prime</Filter>
    </ClCompile>
    <ClCompile Include="Source\scene\sc_particle.cpp">
      <Filter>Source Files\scene</Filter>
    </ClCompile>
    <ClCompile Include="Source\pieces\particle.cpp">
      <Filter>Source Files\pieces</Filter>
    </ClCompile>
    <ClCompile Include="Source\scene\sc_Physics1.cpp">
      <Filter>Source Files\scene</Filter>
    </ClCompile>
    <ClCompile Include="Source\physics\aabb_system.cpp">
      <Filter>Source Files\physics</Filter>
    </ClCompile>
    <ClCompile Include="Source\pieces\object_A.cpp">
      <Filter>Source Files\pieces</Filter>
    </ClCompile>
    <ClCompile Include="Source\scene\sc_Physics2.cpp">
      <Filter>Source Files\scene</Filter>
    </ClCompile>
    <ClCompile Include="Source\physics\obj_box.cpp">
      <Filter>Source Files\physics</Filter>
    </ClCompile>
    <ClCompile Include="Source\pieces\object.cpp">
      <Filter>Source Files\pieces</Filter>
    </ClCompile>
    <ClCompile Include="Source\physics\square.cpp">
      <Filter>Source Files\physics</Filter>
    </ClCompile>
    <ClCompile Include="Source\physics\objTex.cpp">
      <Filter>Source Files\physics</Filter>
    </ClCompile>
    <ClCompile Include="Source\physics\objBox.cpp">
      <Filter>Source Files\physics</Filter>
    </ClCompile>
  </ItemGroup>
  <ItemGroup>
    <ClInclude Include="Header\game_core.h">
      <Filter>Header Files</Filter>
    </ClInclude>
    <ClInclude Include="Header\prime\resource_station.h">
      <Filter>Header Files\prime</Filter>
    </ClInclude>
    <ClInclude Include="Header\prime\label_space.h">
      <Filter>Header Files\prime</Filter>
    </ClInclude>
    <ClInclude Include="Header\prime\game_window.h">
      <Filter>Header Files\prime</Filter>
    </ClInclude>
    <ClInclude Include="Header\prime\debug_mode.h">
      <Filter>Header Files\prime</Filter>
    </ClInclude>
    <ClInclude Include="Header\prime\scene_manager.h">
      <Filter>Header Files\prime</Filter>
    </ClInclude>
    <ClInclude Include="Header\prime\scene.h">
      <Filter>Header Files\prime</Filter>
    </ClInclude>
    <ClInclude Include="Header\prime\load_mode.h">
      <Filter>Header Files\prime</Filter>
    </ClInclude>
    <ClInclude Include="Header\prime\joystick.h">
      <Filter>Header Files\prime</Filter>
    </ClInclude>
    <ClInclude Include="Header\scene\sc_particle.h">
      <Filter>Header Files\scene</Filter>
    </ClInclude>
    <ClInclude Include="Header\pieces\particle.h">
      <Filter>Header Files\pieces</Filter>
    </ClInclude>
    <ClInclude Include="Header\physics\aabb_system.h">
      <Filter>Header Files\physics</Filter>
    </ClInclude>
    <ClInclude Include="Header\scene\sc_Physics1.h">
      <Filter>Header Files\scene</Filter>
    </ClInclude>
    <ClInclude Include="Header\physics\math.h">
      <Filter>Header Files\physics</Filter>
    </ClInclude>
    <ClInclude Include="Header\pieces\object_A.h">
      <Filter>Header Files\pieces</Filter>
    </ClInclude>
    <ClInclude Include="Header\scene\sc_Physics2.h">
      <Filter>Header Files\scene</Filter>
    </ClInclude>
    <ClInclude Include="Header\physics\obj_box.h">
      <Filter>Header Files\physics</Filter>
    </ClInclude>
    <ClInclude Include="Header\pieces\object.h">
      <Filter>Header Files\pieces</Filter>
    </ClInclude>
    <ClInclude Include="Header\physics\square.h">
      <Filter>Header Files\physics</Filter>
    </ClInclude>
    <ClInclude Include="Header\physics\objTex.h">
      <Filter>Header Files\physics</Filter>
    </ClInclude>
    <ClInclude Include="Header\physics\objBox.h">
      <Filter>Header Files\physics</Filter>
    </ClInclude>
  </ItemGroup>
  <ItemGroup>
    <None Include="..\config\settings.wo">
      <Filter>Resource Files\config</Filter>
    </None>
    <None Include="..\config\global_res.wo">
      <Filter>Resource Files\config</Filter>
    </None>
    <None Include="..\config\load_res.wo">
      <Filter>Resource Files\config</Filter>
    </None>
    <None Include="..\config\sc_Physics2_res.wo">
      <Filter>Resource Files\config</Filter>
    </None>
  </ItemGroup>
</Project>